version = 1
revision = 3
requires-python = ">=3.12"

[[package]]
name = "annotated-types"
version = "0.7.0"
source = { registry = "https://pypi.org/simple" }
sdist = { url = "https://files.pythonhosted.org/packages/ee/67/531ea369ba64dcff5ec9c3402f9f51bf748cec26dde048a2f973a4eea7f5/annotated_types-0.7.0.tar.gz", hash = "sha256:aff07c09a53a08bc8cfccb9c85b05f1aa9a2a6f23728d790723543408344ce89", size = 16081, upload-time = "2024-05-20T21:33:25.928Z" }
wheels = [
    { url = "https://files.pythonhosted.org/packages/78/b6/6307fbef88d9b5ee7421e68d78a9f162e0da4900bc5f5793f6d3d0e34fb8/annotated_types-0.7.0-py3-none-any.whl", hash = "sha256:1f02e8b43a8fbbc3f3e0d4f0f4bfc8131bcb4eebe8849b8e5c773f3a1c582a53", size = 13643, upload-time = "2024-05-20T21:33:24.1Z" },
]

[[package]]
name = "anyio"
version = "4.12.0"
source = { registry = "https://pypi.org/simple" }
dependencies = [
    { name = "idna" },
    { name = "typing-extensions", marker = "python_full_version < '3.13'" },
]
sdist = { url = "https://files.pythonhosted.org/packages/16/ce/8a777047513153587e5434fd752e89334ac33e379aa3497db860eeb60377/anyio-4.12.0.tar.gz", hash = "sha256:73c693b567b0c55130c104d0b43a9baf3aa6a31fc6110116509f27bf75e21ec0", size = 228266, upload-time = "2025-11-28T23:37:38.911Z" }
wheels = [
    { url = "https://files.pythonhosted.org/packages/7f/9c/36c5c37947ebfb8c7f22e0eb6e4d188ee2d53aa3880f3f2744fb894f0cb1/anyio-4.12.0-py3-none-any.whl", hash = "sha256:dad2376a628f98eeca4881fc56cd06affd18f659b17a747d3ff0307ced94b1bb", size = 113362, upload-time = "2025-11-28T23:36:57.897Z" },
]

[[package]]
name = "click"
version = "8.3.1"
source = { registry = "https://pypi.org/simple" }
dependencies = [
    { name = "colorama", marker = "sys_platform == 'win32'" },
]
sdist = { url = "https://files.pythonhosted.org/packages/3d/fa/656b739db8587d7b5dfa22e22ed02566950fbfbcdc20311993483657a5c0/click-8.3.1.tar.gz", hash = "sha256:12ff4785d337a1bb490bb7e9c2b1ee5da3112e94a8622f26a6c77f5d2fc6842a", size = 295065, upload-time = "2025-11-15T20:45:42.706Z" }
wheels = [
    { url = "https://files.pythonhosted.org/packages/98/78/01c019cdb5d6498122777c1a43056ebb3ebfeef2076d9d026bfe15583b2b/click-8.3.1-py3-none-any.whl", hash = "sha256:981153a64e25f12d547d3426c367a4857371575ee7ad18df2a6183ab0545b2a6", size = 108274, upload-time = "2025-11-15T20:45:41.139Z" },
]

[[package]]
name = "colorama"
version = "0.4.6"
source = { registry = "https://pypi.org/simple" }
sdist = { url = "https://files.pythonhosted.org/packages/d8/53/6f443c9a4a8358a93a6792e2acffb9d9d5cb0a5cfd8802644b7b1c9a02e4/colorama-0.4.6.tar.gz", hash = "sha256:08695f5cb7ed6e0531a20572697297273c47b8cae5a63ffc6d6ed5c201be6e44", size = 27697, upload-time = "2022-10-25T02:36:22.414Z" }
wheels = [
    { url = "https://files.pythonhosted.org/packages/d1/d6/3965ed04c63042e047cb6a3e6ed1a63a35087b6a609aa3a15ed8ac56c221/colorama-0.4.6-py2.py3-none-any.whl", hash = "sha256:4f1d9991f5acc0ca119f9d443620b77f9d6b33703e51011c16baf57afb285fc6", size = 25335, upload-time = "2022-10-25T02:36:20.889Z" },
]

[[package]]
name = "et-xmlfile"
version = "2.0.0"
source = { registry = "https://pypi.org/simple" }
sdist = { url = "https://files.pythonhosted.org/packages/d3/38/af70d7ab1ae9d4da450eeec1fa3918940a5fafb9055e934af8d6eb0c2313/et_xmlfile-2.0.0.tar.gz", hash = "sha256:dab3f4764309081ce75662649be815c4c9081e88f0837825f90fd28317d4da54", size = 17234, upload-time = "2024-10-25T17:25:40.039Z" }
wheels = [
    { url = "https://files.pythonhosted.org/packages/c1/8b/5fe2cc11fee489817272089c4203e679c63b570a5aaeb18d852ae3cbba6a/et_xmlfile-2.0.0-py3-none-any.whl", hash = "sha256:7a91720bc756843502c3b7504c77b8fe44217c85c537d85037f0f536151b2caa", size = 18059, upload-time = "2024-10-25T17:25:39.051Z" },
]

[[package]]
name = "fastapi"
version = "0.109.0"
source = { registry = "https://pypi.org/simple" }
dependencies = [
    { name = "pydantic" },
    { name = "starlette" },
    { name = "typing-extensions" },
]
sdist = { url = "https://files.pythonhosted.org/packages/ee/b6/beaa92d1fd977edcd77c91c9d08a63d57ceb248a671a8641e3c598a34ef1/fastapi-0.109.0.tar.gz", hash = "sha256:b978095b9ee01a5cf49b19f4bc1ac9b8ca83aa076e770ef8fd9af09a2b88d191", size = 11475098, upload-time = "2024-01-11T15:36:34.684Z" }
wheels = [
    { url = "https://files.pythonhosted.org/packages/e5/80/ddbf524c6169072ab5e8dd4e106d4eb482bf920da1996dde9f308f90aa8c/fastapi-0.109.0-py3-none-any.whl", hash = "sha256:8c77515984cd8e8cfeb58364f8cc7a28f0692088475e2614f7bf03275eba9093", size = 92049, upload-time = "2024-01-11T15:36:31.271Z" },
]

[[package]]
name = "financas-api"
version = "0.1.0"
source = { virtual = "." }
dependencies = [
    { name = "fastapi" },
    { name = "openpyxl" },
    { name = "pandas" },
    { name = "psycopg2-binary" },
    { name = "pydantic" },
    { name = "pydantic-settings" },
    { name = "python-dotenv" },
    { name = "python-multipart" },
    { name = "sqlmodel" },
    { name = "uvicorn" },
]

[package.metadata]
requires-dist = [
    { name = "fastapi", specifier = ">=0.109.0" },
    { name = "openpyxl", specifier = ">=3.1.2" },
    { name = "pandas", specifier = ">=2.1.4" },
    { name = "psycopg2-binary", specifier = ">=2.9.9" },
    { name = "pydantic", specifier = ">=2.5.3" },
    { name = "pydantic-settings", specifier = ">=2.1.0" },
    { name = "python-dotenv", specifier = ">=1.0.0" },
    { name = "python-multipart", specifier = ">=0.0.6" },
    { name = "sqlmodel", specifier = ">=0.0.14" },
    { name = "uvicorn", specifier = ">=0.27.0" },
]

[[package]]
name = "greenlet"
version = "3.3.0"
source = { registry = "https://pypi.org/simple" }
sdist = { url = "https://files.pythonhosted.org/packages/c7/e5/40dbda2736893e3e53d25838e0f19a2b417dfc122b9989c91918db30b5d3/greenlet-3.3.0.tar.gz", hash = "sha256:a82bb225a4e9e4d653dd2fb7b8b2d36e4fb25bc0165422a11e48b88e9e6f78fb", size = 190651, upload-time = "2025-12-04T14:49:44.05Z" }
wheels = [
    { url = "https://files.pythonhosted.org/packages/f8/0a/a3871375c7b9727edaeeea994bfff7c63ff7804c9829c19309ba2e058807/greenlet-3.3.0-cp312-cp312-macosx_11_0_universal2.whl", hash = "sha256:b01548f6e0b9e9784a2c99c5651e5dc89ffcbe870bc5fb2e5ef864e9cc6b5dcb", size = 276379, upload-time = "2025-12-04T14:23:30.498Z" },
    { url = "https://files.pythonhosted.org/packages/43/ab/7ebfe34dce8b87be0d11dae91acbf76f7b8246bf9d6b319c741f99fa59c6/greenlet-3.3.0-cp312-cp312-manylinux_2_24_aarch64.manylinux_2_28_aarch64.whl", hash = "sha256:349345b770dc88f81506c6861d22a6ccd422207829d2c854ae2af8025af303e3", size = 597294, upload-time = "2025-12-04T14:50:06.847Z" },
    { url = "https://files.pythonhosted.org/packages/a4/39/f1c8da50024feecd0793dbd5e08f526809b8ab5609224a2da40aad3a7641/greenlet-3.3.0-cp312-cp312-manylinux_2_24_ppc64le.manylinux_2_28_ppc64le.whl", hash = "sha256:e8e18ed6995e9e2c0b4ed264d2cf89260ab3ac7e13555b8032b25a74c6d18655", size = 607742, upload-time = "2025-12-04T14:57:42.349Z" },
    { url = "https://files.pythonhosted.org/packages/77/cb/43692bcd5f7a0da6ec0ec6d58ee7cddb606d055ce94a62ac9b1aa481e969/greenlet-3.3.0-cp312-cp312-manylinux_2_24_s390x.manylinux_2_28_s390x.whl", hash = "sha256:c024b1e5696626890038e34f76140ed1daf858e37496d33f2af57f06189e70d7", size = 622297, upload-time = "2025-12-04T15:07:13.552Z" },
    { url = "https://files.pythonhosted.org/packages/75/b0/6bde0b1011a60782108c01de5913c588cf51a839174538d266de15e4bf4d/greenlet-3.3.0-cp312-cp312-manylinux_2_24_x86_64.manylinux_2_28_x86_64.whl", hash = "sha256:047ab3df20ede6a57c35c14bf5200fcf04039d50f908270d3f9a7a82064f543b", size = 609885, upload-time = "2025-12-04T14:26:02.368Z" },
    { url = "https://files.pythonhosted.org/packages/49/0e/49b46ac39f931f59f987b7cd9f34bfec8ef81d2a1e6e00682f55be5de9f4/greenlet-3.3.0-cp312-cp312-musllinux_1_2_aarch64.whl", hash = "sha256:2d9ad37fc657b1102ec880e637cccf20191581f75c64087a549e66c57e1ceb53", size = 1567424, upload-time = "2025-12-04T15:04:23.757Z" },
    { url = "https://files.pythonhosted.org/packages/05/f5/49a9ac2dff7f10091935def9165c90236d8f175afb27cbed38fb1d61ab6b/greenlet-3.3.0-cp312-cp312-musllinux_1_2_x86_64.whl", hash = "sha256:83cd0e36932e0e7f36a64b732a6f60c2fc2df28c351bae79fbaf4f8092fe7614", size = 1636017, upload-time = "2025-12-04T14:27:29.688Z" },
    { url = "https://files.pythonhosted.org/packages/6c/79/3912a94cf27ec503e51ba493692d6db1e3cd8ac7ac52b0b47c8e33d7f4f9/greenlet-3.3.0-cp312-cp312-win_amd64.whl", hash = "sha256:a7a34b13d43a6b78abf828a6d0e87d3385680eaf830cd60d20d52f249faabf39", size = 301964, upload-time = "2025-12-04T14:36:58.316Z" },
    { url = "https://files.pythonhosted.org/packages/02/2f/28592176381b9ab2cafa12829ba7b472d177f3acc35d8fbcf3673d966fff/greenlet-3.3.0-cp313-cp313-macosx_11_0_universal2.whl", hash = "sha256:a1e41a81c7e2825822f4e068c48cb2196002362619e2d70b148f20a831c00739", size = 275140, upload-time = "2025-12-04T14:23:01.282Z" },
    { url = "https://files.pythonhosted.org/packages/2c/80/fbe937bf81e9fca98c981fe499e59a3f45df2a04da0baa5c2be0dca0d329/greenlet-3.3.0-cp313-cp313-manylinux_2_24_aarch64.manylinux_2_28_aarch64.whl", hash = "sha256:9f515a47d02da4d30caaa85b69474cec77b7929b2e936ff7fb853d42f4bf8808", size = 599219, upload-time = "2025-12-04T14:50:08.309Z" },
    { url = "https://files.pythonhosted.org/packages/c2/ff/7c985128f0514271b8268476af89aee6866df5eec04ac17dcfbc676213df/greenlet-3.3.0-cp313-cp313-manylinux_2_24_ppc64le.manylinux_2_28_ppc64le.whl", hash = "sha256:7d2d9fd66bfadf230b385fdc90426fcd6eb64db54b40c495b72ac0feb5766c54", size = 610211, upload-time = "2025-12-04T14:57:43.968Z" },
    { url = "https://files.pythonhosted.org/packages/79/07/c47a82d881319ec18a4510bb30463ed6891f2ad2c1901ed5ec23d3de351f/greenlet-3.3.0-cp313-cp313-manylinux_2_24_s390x.manylinux_2_28_s390x.whl", hash = "sha256:30a6e28487a790417d036088b3bcb3f3ac7d8babaa7d0139edbaddebf3af9492", size = 624311, upload-time = "2025-12-04T15:07:14.697Z" },
    { url = "https://files.pythonhosted.org/packages/fd/8e/424b8c6e78bd9837d14ff7df01a9829fc883ba2ab4ea787d4f848435f23f/greenlet-3.3.0-cp313-cp313-manylinux_2_24_x86_64.manylinux_2_28_x86_64.whl", hash = "sha256:087ea5e004437321508a8d6f20efc4cfec5e3c30118e1417ea96ed1d93950527", size = 612833, upload-time = "2025-12-04T14:26:03.669Z" },
    { url = "https://files.pythonhosted.org/packages/b5/ba/56699ff9b7c76ca12f1cdc27a886d0f81f2189c3455ff9f65246780f713d/greenlet-3.3.0-cp313-cp313-musllinux_1_2_aarch64.whl", hash = "sha256:ab97cf74045343f6c60a39913fa59710e4bd26a536ce7ab2397adf8b27e67c39", size = 1567256, upload-time = "2025-12-04T15:04:25.276Z" },
    { url = "https://files.pythonhosted.org/packages/1e/37/f31136132967982d698c71a281a8901daf1a8fbab935dce7c0cf15f942cc/greenlet-3.3.0-cp313-cp313-musllinux_1_2_x86_64.whl", hash = "sha256:5375d2e23184629112ca1ea89a53389dddbffcf417dad40125713d88eb5f96e8", size = 1636483, upload-time = "2025-12-04T14:27:30.804Z" },
    { url = "https://files.pythonhosted.org/packages/7e/71/ba21c3fb8c5dce83b8c01f458a42e99ffdb1963aeec08fff5a18588d8fd7/greenlet-3.3.0-cp313-cp313-win_amd64.whl", hash = "sha256:9ee1942ea19550094033c35d25d20726e4f1c40d59545815e1128ac58d416d38", size = 301833, upload-time = "2025-12-04T14:32:23.929Z" },
    { url = "https://files.pythonhosted.org/packages/d7/7c/f0a6d0ede2c7bf092d00bc83ad5bafb7e6ec9b4aab2fbdfa6f134dc73327/greenlet-3.3.0-cp314-cp314-macosx_11_0_universal2.whl", hash = "sha256:60c2ef0f578afb3c8d92ea07ad327f9a062547137afe91f38408f08aacab667f", size = 275671, upload-time = "2025-12-04T14:23:05.267Z" },
    { url = "https://files.pythonhosted.org/packages/44/06/dac639ae1a50f5969d82d2e3dd9767d30d6dbdbab0e1a54010c8fe90263c/greenlet-3.3.0-cp314-cp314-manylinux_2_24_aarch64.manylinux_2_28_aarch64.whl", hash = "sha256:0a5d554d0712ba1de0a6c94c640f7aeba3f85b3a6e1f2899c11c2c0428da9365", size = 646360, upload-time = "2025-12-04T14:50:10.026Z" },
    { url = "https://files.pythonhosted.org/packages/e0/94/0fb76fe6c5369fba9bf98529ada6f4c3a1adf19e406a47332245ef0eb357/greenlet-3.3.0-cp314-cp314-manylinux_2_24_ppc64le.manylinux_2_28_ppc64le.whl", hash = "sha256:3a898b1e9c5f7307ebbde4102908e6cbfcb9ea16284a3abe15cab996bee8b9b3", size = 658160, upload-time = "2025-12-04T14:57:45.41Z" },
    { url = "https://files.pythonhosted.org/packages/93/79/d2c70cae6e823fac36c3bbc9077962105052b7ef81db2f01ec3b9bf17e2b/greenlet-3.3.0-cp314-cp314-manylinux_2_24_s390x.manylinux_2_28_s390x.whl", hash = "sha256:dcd2bdbd444ff340e8d6bdf54d2f206ccddbb3ccfdcd3c25bf4afaa7b8f0cf45", size = 671388, upload-time = "2025-12-04T15:07:15.789Z" },
    { url = "https://files.pythonhosted.org/packages/b8/14/bab308fc2c1b5228c3224ec2bf928ce2e4d21d8046c161e44a2012b5203e/greenlet-3.3.0-cp314-cp314-manylinux_2_24_x86_64.manylinux_2_28_x86_64.whl", hash = "sha256:5773edda4dc00e173820722711d043799d3adb4f01731f40619e07ea2750b955", size = 660166, upload-time = "2025-12-04T14:26:05.099Z" },
    { url = "https://files.pythonhosted.org/packages/4b/d2/91465d39164eaa0085177f61983d80ffe746c5a1860f009811d498e7259c/greenlet-3.3.0-cp314-cp314-musllinux_1_2_aarch64.whl", hash = "sha256:ac0549373982b36d5fd5d30beb8a7a33ee541ff98d2b502714a09f1169f31b55", size = 1615193, upload-time = "2025-12-04T15:04:27.041Z" },
    { url = "https://files.pythonhosted.org/packages/42/1b/83d110a37044b92423084d52d5d5a3b3a73cafb51b547e6d7366ff62eff1/greenlet-3.3.0-cp314-cp314-musllinux_1_2_x86_64.whl", hash = "sha256:d198d2d977460358c3b3a4dc844f875d1adb33817f0613f663a656f463764ccc", size = 1683653, upload-time = "2025-12-04T14:27:32.366Z" },
    { url = "https://files.pythonhosted.org/packages/7c/9a/9030e6f9aa8fd7808e9c31ba4c38f87c4f8ec324ee67431d181fe396d705/greenlet-3.3.0-cp314-cp314-win_amd64.whl", hash = "sha256:73f51dd0e0bdb596fb0417e475fa3c5e32d4c83638296e560086b8d7da7c4170", size = 305387, upload-time = "2025-12-04T14:26:51.063Z" },
    { url = "https://files.pythonhosted.org/packages/a0/66/bd6317bc5932accf351fc19f177ffba53712a202f9df10587da8df257c7e/greenlet-3.3.0-cp314-cp314t-macosx_11_0_universal2.whl", hash = "sha256:d6ed6f85fae6cdfdb9ce04c9bf7a08d666cfcfb914e7d006f44f840b46741931", size = 282638, upload-time = "2025-12-04T14:25:20.941Z" },
    { url = "https://files.pythonhosted.org/packages/30/cf/cc81cb030b40e738d6e69502ccbd0dd1bced0588e958f9e757945de24404/greenlet-3.3.0-cp314-cp314t-manylinux_2_24_aarch64.manylinux_2_28_aarch64.whl", hash = "sha256:d9125050fcf24554e69c4cacb086b87b3b55dc395a8b3ebe6487b045b2614388", size = 651145, upload-time = "2025-12-04T14:50:11.039Z" },
    { url = "https://files.pythonhosted.org/packages/9c/ea/1020037b5ecfe95ca7df8d8549959baceb8186031da83d5ecceff8b08cd2/greenlet-3.3.0-cp314-cp314t-manylinux_2_24_ppc64le.manylinux_2_28_ppc64le.whl", hash = "sha256:87e63ccfa13c0a0f6234ed0add552af24cc67dd886731f2261e46e241608bee3", size = 654236, upload-time = "2025-12-04T14:57:47.007Z" },
    { url = "https://files.pythonhosted.org/packages/69/cc/1e4bae2e45ca2fa55299f4e85854606a78ecc37fead20d69322f96000504/greenlet-3.3.0-cp314-cp314t-manylinux_2_24_s390x.manylinux_2_28_s390x.whl", hash = "sha256:2662433acbca297c9153a4023fe2161c8dcfdcc91f10433171cf7e7d94ba2221", size = 662506, upload-time = "2025-12-04T15:07:16.906Z" },
    { url = "https://files.pythonhosted.org/packages/57/b9/f8025d71a6085c441a7eaff0fd928bbb275a6633773667023d19179fe815/greenlet-3.3.0-cp314-cp314t-manylinux_2_24_x86_64.manylinux_2_28_x86_64.whl", hash = "sha256:3c6e9b9c1527a78520357de498b0e709fb9e2f49c3a513afd5a249007261911b", size = 653783, upload-time = "2025-12-04T14:26:06.225Z" },
    { url = "https://files.pythonhosted.org/packages/f6/c7/876a8c7a7485d5d6b5c6821201d542ef28be645aa024cfe1145b35c120c1/greenlet-3.3.0-cp314-cp314t-musllinux_1_2_aarch64.whl", hash = "sha256:286d093f95ec98fdd92fcb955003b8a3d054b4e2cab3e2707a5039e7b50520fd", size = 1614857, upload-time = "2025-12-04T15:04:28.484Z" },
    { url = "https://files.pythonhosted.org/packages/4f/dc/041be1dff9f23dac5f48a43323cd0789cb798342011c19a248d9c9335536/greenlet-3.3.0-cp314-cp314t-musllinux_1_2_x86_64.whl", hash = "sha256:6c10513330af5b8ae16f023e8ddbfb486ab355d04467c4679c5cfe4659975dd9", size = 1676034, upload-time = "2025-12-04T14:27:33.531Z" },
]

[[package]]
name = "h11"
version = "0.16.0"
source = { registry = "https://pypi.org/simple" }
sdist = { url = "https://files.pythonhosted.org/packages/01/ee/02a2c011bdab74c6fb3c75474d40b3052059d95df7e73351460c8588d963/h11-0.16.0.tar.gz", hash = "sha256:4e35b956cf45792e4caa5885e69fba00bdbc6ffafbfa020300e549b208ee5ff1", size = 101250, upload-time = "2025-04-24T03:35:25.427Z" }
wheels = [
    { url = "https://files.pythonhosted.org/packages/04/4b/29cac41a4d98d144bf5f6d33995617b185d14b22401f75ca86f384e87ff1/h11-0.16.0-py3-none-any.whl", hash = "sha256:63cf8bbe7522de3bf65932fda1d9c2772064ffb3dae62d55932da54b31cb6c86", size = 37515, upload-time = "2025-04-24T03:35:24.344Z" },
]

[[package]]
name = "idna"
version = "3.11"
source = { registry = "https://pypi.org/simple" }
sdist = { url = "https://files.pythonhosted.org/packages/6f/6d/0703ccc57f3a7233505399edb88de3cbd678da106337b9fcde432b65ed60/idna-3.11.tar.gz", hash = "sha256:795dafcc9c04ed0c1fb032c2aa73654d8e8c5023a7df64a53f39190ada629902", size = 194582, upload-time = "2025-10-12T14:55:20.501Z" }
wheels = [
    { url = "https://files.pythonhosted.org/packages/0e/61/66938bbb5fc52dbdf84594873d5b51fb1f7c7794e9c0f5bd885f30bc507b/idna-3.11-py3-none-any.whl", hash = "sha256:771a87f49d9defaf64091e6e6fe9c18d4833f140bd19464795bc32d966ca37ea", size = 71008, upload-time = "2025-10-12T14:55:18.883Z" },
]

[[package]]
name = "numpy"
version = "1.26.4"
source = { registry = "https://pypi.org/simple" }
sdist = { url = "https://files.pythonhosted.org/packages/65/6e/09db70a523a96d25e115e71cc56a6f9031e7b8cd166c1ac8438307c14058/numpy-1.26.4.tar.gz", hash = "sha256:2a02aba9ed12e4ac4eb3ea9421c420301a0c6460d9830d74a9df87efa4912010", size = 15786129, upload-time = "2024-02-06T00:26:44.495Z" }
wheels = [
    { url = "https://files.pythonhosted.org/packages/95/12/8f2020a8e8b8383ac0177dc9570aad031a3beb12e38847f7129bacd96228/numpy-1.26.4-cp312-cp312-macosx_10_9_x86_64.whl", hash = "sha256:b3ce300f3644fb06443ee2222c2201dd3a89ea6040541412b8fa189341847218", size = 20335901, upload-time = "2024-02-05T23:55:32.801Z" },
    { url = "https://files.pythonhosted.org/packages/75/5b/ca6c8bd14007e5ca171c7c03102d17b4f4e0ceb53957e8c44343a9546dcc/numpy-1.26.4-cp312-cp312-macosx_11_0_arm64.whl", hash = "sha256:03a8c78d01d9781b28a6989f6fa1bb2c4f2d51201cf99d3dd875df6fbd96b23b", size = 13685868, upload-time = "2024-02-05T23:55:56.28Z" },
    { url = "https://files.pythonhosted.org/packages/79/f8/97f10e6755e2a7d027ca783f63044d5b1bc1ae7acb12afe6a9b4286eac17/numpy-1.26.4-cp312-cp312-manylinux_2_17_aarch64.manylinux2014_aarch64.whl", hash = "sha256:9fad7dcb1aac3c7f0584a5a8133e3a43eeb2fe127f47e3632d43d677c66c102b", size = 13925109, upload-time = "2024-02-05T23:56:20.368Z" },
    { url = "https://files.pythonhosted.org/packages/0f/50/de23fde84e45f5c4fda2488c759b69990fd4512387a8632860f3ac9cd225/numpy-1.26.4-cp312-cp312-manylinux_2_17_x86_64.manylinux2014_x86_64.whl", hash = "sha256:675d61ffbfa78604709862923189bad94014bef562cc35cf61d3a07bba02a7ed", size = 17950613, upload-time = "2024-02-05T23:56:56.054Z" },
    { url = "https://files.pythonhosted.org/packages/4c/0c/9c603826b6465e82591e05ca230dfc13376da512b25ccd0894709b054ed0/numpy-1.26.4-cp312-cp312-musllinux_1_1_aarch64.whl", hash = "sha256:ab47dbe5cc8210f55aa58e4805fe224dac469cde56b9f731a4c098b91917159a", size = 13572172, upload-time = "2024-02-05T23:57:21.56Z" },
    { url = "https://files.pythonhosted.org/packages/76/8c/2ba3902e1a0fc1c74962ea9bb33a534bb05984ad7ff9515bf8d07527cadd/numpy-1.26.4-cp312-cp312-musllinux_1_1_x86_64.whl", hash = "sha256:1dda2e7b4ec9dd512f84935c5f126c8bd8b9f2fc001e9f54af255e8c5f16b0e0", size = 17786643, upload-time = "2024-02-05T23:57:56.585Z" },
    { url = "https://files.pythonhosted.org/packages/28/4a/46d9e65106879492374999e76eb85f87b15328e06bd1550668f79f7b18c6/numpy-1.26.4-cp312-cp312-win32.whl", hash = "sha256:50193e430acfc1346175fcbdaa28ffec49947a06918b7b92130744e81e640110", size = 5677803, upload-time = "2024-02-05T23:58:08.963Z" },
    { url = "https://files.pythonhosted.org/packages/16/2e/86f24451c2d530c88daf997cb8d6ac622c1d40d19f5a031ed68a4b73a374/numpy-1.26.4-cp312-cp312-win_amd64.whl", hash = "sha256:08beddf13648eb95f8d867350f6a018a4be2e5ad54c8d8caed89ebca558b2818", size = 15517754, upload-time = "2024-02-05T23:58:36.364Z" },
]

[[package]]
name = "openpyxl"
version = "3.1.2"
source = { registry = "https://pypi.org/simple" }
dependencies = [
    { name = "et-xmlfile" },
]
sdist = { url = "https://files.pythonhosted.org/packages/42/e8/af028681d493814ca9c2ff8106fc62a4a32e4e0ae14602c2a98fc7b741c8/openpyxl-3.1.2.tar.gz", hash = "sha256:a6f5977418eff3b2d5500d54d9db50c8277a368436f4e4f8ddb1be3422870184", size = 185977, upload-time = "2023-03-11T16:58:38.78Z" }
wheels = [
    { url = "https://files.pythonhosted.org/packages/6a/94/a59521de836ef0da54aaf50da6c4da8fb4072fb3053fa71f052fd9399e7a/openpyxl-3.1.2-py2.py3-none-any.whl", hash = "sha256:f91456ead12ab3c6c2e9491cf33ba6d08357d802192379bb482f1033ade496f5", size = 249985, upload-time = "2023-03-11T16:58:36.257Z" },
]

[[package]]
name = "pandas"
version = "2.1.4"
source = { registry = "https://pypi.org/simple" }
dependencies = [
    { name = "numpy" },
    { name = "python-dateutil" },
    { name = "pytz" },
    { name = "tzdata" },
]
sdist = { url = "https://files.pythonhosted.org/packages/6f/41/eb562668eaf93790762f600536b28c97b45803cba9253cd8e436cda96aef/pandas-2.1.4.tar.gz", hash = "sha256:fcb68203c833cc735321512e13861358079a96c174a61f5116a1de89c58c0ef7", size = 4274800, upload-time = "2023-12-08T15:38:29.713Z" }
wheels = [
    { url = "https://files.pythonhosted.org/packages/f5/16/64109832ed426d5c3e9f6b791e64a2b78d785823657640afb8f416ed1dc9/pandas-2.1.4-cp312-cp312-macosx_10_9_x86_64.whl", hash = "sha256:482d5076e1791777e1571f2e2d789e940dedd927325cc3cb6d0800c6304082f6", size = 11357488, upload-time = "2023-12-08T15:37:48.717Z" },
    { url = "https://files.pythonhosted.org/packages/0b/e0/8d97c7ecd73624f4cd5755578990b3cfbc6bbe350b8e017ede3580173a6f/pandas-2.1.4-cp312-cp312-macosx_11_0_arm64.whl", hash = "sha256:8a706cfe7955c4ca59af8c7a0517370eafbd98593155b48f10f9811da440248b", size = 10613199, upload-time = "2023-12-08T15:37:51.808Z" },
    { url = "https://files.pythonhosted.org/packages/54/be/98b894bef9acfc310de70fc03524473a9695981e1e87c7afa56ada08f016/pandas-2.1.4-cp312-cp312-manylinux_2_17_aarch64.manylinux2014_aarch64.whl", hash = "sha256:b0513a132a15977b4a5b89aabd304647919bc2169eac4c8536afb29c07c23540", size = 14288250, upload-time = "2023-12-08T15:37:55.263Z" },
    { url = "https://files.pythonhosted.org/packages/5b/5f/076b1ce74f80df0a9db244d30e30c4d4dee45342cbfa5f3e01f64cadf663/pandas-2.1.4-cp312-cp312-manylinux_2_17_x86_64.manylinux2014_x86_64.whl", hash = "sha256:e9f17f2b6fc076b2a0078862547595d66244db0f41bf79fc5f64a5c4d635bead", size = 11673138, upload-time = "2023-12-08T15:37:59.209Z" },
    { url = "https://files.pythonhosted.org/packages/cc/a8/13dced3276ea4514909a80c8dd08b43ab23007b4949701e3d7ae2a8ccd2d/pandas-2.1.4-cp312-cp312-musllinux_1_1_x86_64.whl", hash = "sha256:45d63d2a9b1b37fa6c84a68ba2422dc9ed018bdaa668c7f47566a01188ceeec1", size = 12389903, upload-time = "2023-12-08T15:38:02.655Z" },
    { url = "https://files.pythonhosted.org/packages/ae/d9/3741b344f57484b423cd22194025a8489992ad9962196a62721ef9980045/pandas-2.1.4-cp312-cp312-win_amd64.whl", hash = "sha256:f69b0c9bb174a2342818d3e2778584e18c740d56857fc5cdb944ec8bbe4082cf", size = 10498689, upload-time = "2023-12-08T15:38:05.834Z" },
]

[[package]]
name = "psycopg2-binary"
version = "2.9.9"
source = { registry = "https://pypi.org/simple" }
sdist = { url = "https://files.pythonhosted.org/packages/fc/07/e720e53bfab016ebcc34241695ccc06a9e3d91ba19b40ca81317afbdc440/psycopg2-binary-2.9.9.tar.gz", hash = "sha256:7f01846810177d829c7692f1f5ada8096762d9172af1b1a28d4ab5b77c923c1c", size = 384973, upload-time = "2023-10-03T12:48:55.128Z" }
wheels = [
    { url = "https://files.pythonhosted.org/packages/a7/d0/5f2db14e7b53552276ab613399a83f83f85b173a862d3f20580bc7231139/psycopg2_binary-2.9.9-cp312-cp312-macosx_10_9_x86_64.whl", hash = "sha256:8532fd6e6e2dc57bcb3bc90b079c60de896d2128c5d9d6f24a63875a95a088cf", size = 2823784, upload-time = "2023-10-03T12:47:00.404Z" },
    { url = "https://files.pythonhosted.org/packages/18/ca/da384fd47233e300e3e485c90e7aab5d7def896d1281239f75901faf87d4/psycopg2_binary-2.9.9-cp312-cp312-macosx_11_0_arm64.whl", hash = "sha256:b0605eaed3eb239e87df0d5e3c6489daae3f7388d455d0c0b4df899519c6a38d", size = 2553308, upload-time = "2023-11-01T10:40:33.984Z" },
    { url = "https://files.pythonhosted.org/packages/50/66/fa53d2d3d92f6e1ef469d92afc6a4fe3f6e8a9a04b687aa28fb1f1d954ee/psycopg2_binary-2.9.9-cp312-cp312-manylinux_2_17_aarch64.manylinux2014_aarch64.whl", hash = "sha256:8f8544b092a29a6ddd72f3556a9fcf249ec412e10ad28be6a0c0d948924f2212", size = 2851283, upload-time = "2023-10-03T12:47:02.736Z" },
    { url = "https://files.pythonhosted.org/packages/04/37/2429360ac5547378202db14eec0dde76edbe1f6627df5a43c7e164922859/psycopg2_binary-2.9.9-cp312-cp312-manylinux_2_17_i686.manylinux2014_i686.whl", hash = "sha256:2d423c8d8a3c82d08fe8af900ad5b613ce3632a1249fd6a223941d0735fce493", size = 3081839, upload-time = "2023-10-03T12:47:05.027Z" },
    { url = "https://files.pythonhosted.org/packages/62/2a/c0530b59d7e0d09824bc2102ecdcec0456b8ca4d47c0caa82e86fce3ed4c/psycopg2_binary-2.9.9-cp312-cp312-manylinux_2_17_ppc64le.manylinux2014_ppc64le.whl", hash = "sha256:2e5afae772c00980525f6d6ecf7cbca55676296b580c0e6abb407f15f3706996", size = 3264488, upload-time = "2023-10-03T12:47:08.962Z" },
    { url = "https://files.pythonhosted.org/packages/19/57/9f172b900795ea37246c78b5f52e00f4779984370855b3e161600156906d/psycopg2_binary-2.9.9-cp312-cp312-manylinux_2_17_x86_64.manylinux2014_x86_64.whl", hash = "sha256:6e6f98446430fdf41bd36d4faa6cb409f5140c1c2cf58ce0bbdaf16af7d3f119", size = 3020700, upload-time = "2023-10-03T12:47:12.23Z" },
    { url = "https://files.pythonhosted.org/packages/94/68/1176fc14ea76861b7b8360be5176e87fb20d5091b137c76570eb4e237324/psycopg2_binary-2.9.9-cp312-cp312-musllinux_1_1_aarch64.whl", hash = "sha256:c77e3d1862452565875eb31bdb45ac62502feabbd53429fdc39a1cc341d681ba", size = 2355968, upload-time = "2023-10-03T12:47:14.817Z" },
    { url = "https://files.pythonhosted.org/packages/70/bb/aec2646a705a09079d008ce88073401cd61fc9b04f92af3eb282caa3a2ec/psycopg2_binary-2.9.9-cp312-cp312-musllinux_1_1_i686.whl", hash = "sha256:cb16c65dcb648d0a43a2521f2f0a2300f40639f6f8c1ecbc662141e4e3e1ee07", size = 2536101, upload-time = "2023-10-03T12:47:17.454Z" },
    { url = "https://files.pythonhosted.org/packages/14/33/12818c157e333cb9d9e6753d1b2463b6f60dbc1fade115f8e4dc5c52cac4/psycopg2_binary-2.9.9-cp312-cp312-musllinux_1_1_ppc64le.whl", hash = "sha256:911dda9c487075abd54e644ccdf5e5c16773470a6a5d3826fda76699410066fb", size = 2487064, upload-time = "2023-10-03T12:47:20.717Z" },
    { url = "https://files.pythonhosted.org/packages/56/a2/7851c68fe8768f3c9c246198b6356ee3e4a8a7f6820cc798443faada3400/psycopg2_binary-2.9.9-cp312-cp312-musllinux_1_1_x86_64.whl", hash = "sha256:57fede879f08d23c85140a360c6a77709113efd1c993923c59fde17aa27599fe", size = 2456257, upload-time = "2023-10-03T12:47:23.004Z" },
    { url = "https://files.pythonhosted.org/packages/6f/ee/3ba07c6dc7c3294e717e94720da1597aedc82a10b1b180203ce183d4631a/psycopg2_binary-2.9.9-cp312-cp312-win32.whl", hash = "sha256:64cf30263844fa208851ebb13b0732ce674d8ec6a0c86a4e160495d299ba3c93", size = 1024709, upload-time = "2023-10-28T09:37:24.991Z" },
    { url = "https://files.pythonhosted.org/packages/7b/08/9c66c269b0d417a0af9fb969535f0371b8c538633535a7a6a5ca3f9231e2/psycopg2_binary-2.9.9-cp312-cp312-win_amd64.whl", hash = "sha256:81ff62668af011f9a48787564ab7eded4e9fb17a4a6a74af5ffa6a457400d2ab", size = 1163864, upload-time = "2023-10-28T09:37:28.155Z" },
]

[[package]]
name = "pydantic"
version = "2.5.3"
source = { registry = "https://pypi.org/simple" }
dependencies = [
    { name = "annotated-types" },
    { name = "pydantic-core" },
    { name = "typing-extensions" },
]
sdist = { url = "https://files.pythonhosted.org/packages/aa/3f/56142232152145ecbee663d70a19a45d078180633321efb3847d2562b490/pydantic-2.5.3.tar.gz", hash = "sha256:b3ef57c62535b0941697cce638c08900d87fcb67e29cfa99e8a68f747f393f7a", size = 651797, upload-time = "2023-12-22T10:39:46.736Z" }
wheels = [
    { url = "https://files.pythonhosted.org/packages/dd/b7/9aea7ee6c01fe3f3c03b8ca3c7797c866df5fecece9d6cb27caa138db2e2/pydantic-2.5.3-py3-none-any.whl", hash = "sha256:d0caf5954bee831b6bfe7e338c32b9e30c85dfe080c843680783ac2b631673b4", size = 381926, upload-time = "2023-12-22T10:39:43.758Z" },
]

[[package]]
name = "pydantic-core"
version = "2.14.6"
source = { registry = "https://pypi.org/simple" }
dependencies = [
    { name = "typing-extensions" },
]
sdist = { url = "https://files.pythonhosted.org/packages/b2/7d/8304d8471cfe4288f95a3065ebda56f9790d087edc356ad5bd83c89e2d79/pydantic_core-2.14.6.tar.gz", hash = "sha256:1fd0c1d395372843fba13a51c28e3bb9d59bd7aebfeb17358ffaaa1e4dbbe948", size = 360305, upload-time = "2023-12-21T19:56:33.986Z" }
wheels = [
    { url = "https://files.pythonhosted.org/packages/b1/26/4bd7ac215215322a693c178a022993450ebf7b1e91b26941f72407e1e9a1/pydantic_core-2.14.6-cp312-cp312-macosx_10_7_x86_64.whl", hash = "sha256:667aa2eac9cd0700af1ddb38b7b1ef246d8cf94c85637cbb03d7757ca4c3fdec", size = 1855038, upload-time = "2023-12-21T19:53:14.05Z" },
    { url = "https://files.pythonhosted.org/packages/a5/f8/07a2563f40b863ba97f3db648697f3f1d7b7edf1bd679f210064cb556e74/pydantic_core-2.14.6-cp312-cp312-macosx_11_0_arm64.whl", hash = "sha256:cdee837710ef6b56ebd20245b83799fce40b265b3b406e51e8ccc5b85b9099b7", size = 1718829, upload-time = "2023-12-21T19:53:16.61Z" },
    { url = "https://files.pythonhosted.org/packages/ba/98/fb42628ed811643c364e05353d3a015c74859402994420aeba8e3e34a54c/pydantic_core-2.14.6-cp312-cp312-manylinux_2_17_aarch64.manylinux2014_aarch64.whl", hash = "sha256:2c5bcf3414367e29f83fd66f7de64509a8fd2368b1edf4351e862910727d3e51", size = 1824883, upload-time = "2023-12-21T19:53:18.652Z" },
    { url = "https://files.pythonhosted.org/packages/69/ed/6a318d3846ac45e4e8d7c81a4c4f9cad341f4715521cc2cc7baecd6be9c0/pydantic_core-2.14.6-cp312-cp312-manylinux_2_17_armv7l.manylinux2014_armv7l.whl", hash = "sha256:26a92ae76f75d1915806b77cf459811e772d8f71fd1e4339c99750f0e7f6324f", size = 1834955, upload-time = "2023-12-21T19:53:20.879Z" },
    { url = "https://files.pythonhosted.org/packages/0b/d0/adf341fb8ed080bf5abb91c42752ffa099d8439e45d3fa40a21f259f724c/pydantic_core-2.14.6-cp312-cp312-manylinux_2_17_ppc64le.manylinux2014_ppc64le.whl", hash = "sha256:a983cca5ed1dd9a35e9e42ebf9f278d344603bfcb174ff99a5815f953925140a", size = 1994990, upload-time = "2023-12-21T19:53:23.309Z" },
    { url = "https://files.pythonhosted.org/packages/5e/58/7cac843607f3b2d0af1768fae90ef219413db163a7cfb7557344edfeed2f/pydantic_core-2.14.6-cp312-cp312-manylinux_2_17_s390x.manylinux2014_s390x.whl", hash = "sha256:cb92f9061657287eded380d7dc455bbf115430b3aa4741bdc662d02977e7d0af", size = 3001843, upload-time = "2023-12-21T19:53:25.501Z" },
    { url = "https://files.pythonhosted.org/packages/f3/62/076e6c43735950e911d80c6edf215314a8cf9b8adefe9613b72b09ccb1ee/pydantic_core-2.14.6-cp312-cp312-manylinux_2_17_x86_64.manylinux2014_x86_64.whl", hash = "sha256:e4ace1e220b078c8e48e82c081e35002038657e4b37d403ce940fa679e57113b", size = 2067417, upload-time = "2023-12-21T19:53:27.652Z" },
    { url = "https://files.pythonhosted.org/packages/d0/21/7ca5edf46bc6706152d459b560d669cfd72afe0dda24292408f1be8008d6/pydantic_core-2.14.6-cp312-cp312-manylinux_2_5_i686.manylinux1_i686.whl", hash = "sha256:ef633add81832f4b56d3b4c9408b43d530dfca29e68fb1b797dcb861a2c734cd", size = 1922514, upload-time = "2023-12-21T19:53:30.443Z" },
    { url = "https://files.pythonhosted.org/packages/b7/53/101aac1d63a743284cdae804ceb6f561879c385f355caf20d2d87da6d36d/pydantic_core-2.14.6-cp312-cp312-musllinux_1_1_aarch64.whl", hash = "sha256:7e90d6cc4aad2cc1f5e16ed56e46cebf4877c62403a311af20459c15da76fd91", size = 2004496, upload-time = "2023-12-21T19:53:32.411Z" },
    { url = "https://files.pythonhosted.org/packages/9f/7a/2e906fc1a5e4ca45e730118f0afb4878a39a1d505d895835d8cc5452446c/pydantic_core-2.14.6-cp312-cp312-musllinux_1_1_x86_64.whl", hash = "sha256:e8a5ac97ea521d7bde7621d86c30e86b798cdecd985723c4ed737a2aa9e77d0c", size = 2129106, upload-time = "2023-12-21T19:53:34.501Z" },
    { url = "https://files.pythonhosted.org/packages/d9/3e/28bd56c6aeadaae2eca12e39274b880505dd7fc9fa7b732d11167275c084/pydantic_core-2.14.6-cp312-none-win32.whl", hash = "sha256:f27207e8ca3e5e021e2402ba942e5b4c629718e665c81b8b306f3c8b1ddbb786", size = 1743090, upload-time = "2023-12-21T19:53:36.711Z" },
    { url = "https://files.pythonhosted.org/packages/84/13/afa2b5c336d30a43592f9bc8d5769ccd15b32b4ef243bd792496fe336925/pydantic_core-2.14.6-cp312-none-win_amd64.whl", hash = "sha256:b3e5fe4538001bb82e2295b8d2a39356a84694c97cb73a566dc36328b9f83b40", size = 1866497, upload-time = "2023-12-21T19:53:39.401Z" },
    { url = "https://files.pythonhosted.org/packages/04/33/68e91365ac5ef23fc70fbc4e24ab2f212a6ca39cd23b81589af9807946df/pydantic_core-2.14.6-cp312-none-win_arm64.whl", hash = "sha256:64634ccf9d671c6be242a664a33c4acf12882670b09b3f163cd00a24cffbd74e", size = 1844384, upload-time = "2023-12-21T19:53:41.316Z" },
]

[[package]]
name = "pydantic-settings"
version = "2.1.0"
source = { registry = "https://pypi.org/simple" }
dependencies = [
    { name = "pydantic" },
    { name = "python-dotenv" },
]
sdist = { url = "https://files.pythonhosted.org/packages/a5/10/664e41fd884d8cd3fa8bcd75a537bd82f540b19d7c0d1ff17eef69a2ffa8/pydantic_settings-2.1.0.tar.gz", hash = "sha256:26b1492e0a24755626ac5e6d715e9077ab7ad4fb5f19a8b7ed7011d52f36141c", size = 31824, upload-time = "2023-11-14T13:06:31.22Z" }
wheels = [
    { url = "https://files.pythonhosted.org/packages/5d/c9/8042368e9a1e6e229b5ec5d88449441a3ee8f8afe09988faeb190af30248/pydantic_settings-2.1.0-py3-none-any.whl", hash = "sha256:7621c0cb5d90d1140d2f0ef557bdf03573aac7035948109adf2574770b77605a", size = 11685, upload-time = "2023-11-14T13:06:30.129Z" },
]

[[package]]
name = "python-dateutil"
version = "2.9.0.post0"
source = { registry = "https://pypi.org/simple" }
dependencies = [
    { name = "six" },
]
sdist = { url = "https://files.pythonhosted.org/packages/66/c0/0c8b6ad9f17a802ee498c46e004a0eb49bc148f2fd230864601a86dcf6db/python-dateutil-2.9.0.post0.tar.gz", hash = "sha256:37dd54208da7e1cd875388217d5e00ebd4179249f90fb72437e91a35459a0ad3", size = 342432, upload-time = "2024-03-01T18:36:20.211Z" }
wheels = [
    { url = "https://files.pythonhosted.org/packages/ec/57/56b9bcc3c9c6a792fcbaf139543cee77261f3651ca9da0c93f5c1221264b/python_dateutil-2.9.0.post0-py2.py3-none-any.whl", hash = "sha256:a8b2bc7bffae282281c8140a97d3aa9c14da0b136dfe83f850eea9a5f7470427", size = 229892, upload-time = "2024-03-01T18:36:18.57Z" },
]

[[package]]
name = "python-dotenv"
version = "1.0.0"
source = { registry = "https://pypi.org/simple" }
sdist = { url = "https://files.pythonhosted.org/packages/31/06/1ef763af20d0572c032fa22882cfbfb005fba6e7300715a37840858c919e/python-dotenv-1.0.0.tar.gz", hash = "sha256:a8df96034aae6d2d50a4ebe8216326c61c3eb64836776504fcca410e5937a3ba", size = 37399, upload-time = "2023-02-24T06:46:37.282Z" }
wheels = [
    { url = "https://files.pythonhosted.org/packages/44/2f/62ea1c8b593f4e093cc1a7768f0d46112107e790c3e478532329e434f00b/python_dotenv-1.0.0-py3-none-any.whl", hash = "sha256:f5971a9226b701070a4bf2c38c89e5a3f0d64de8debda981d1db98583009122a", size = 19482, upload-time = "2023-02-24T06:46:36.009Z" },
]

[[package]]
name = "python-multipart"
version = "0.0.6"
source = { registry = "https://pypi.org/simple" }
sdist = { url = "https://files.pythonhosted.org/packages/2d/23/abcfad10c3348cb6358400f8adbc21b523bbc6c954494fd0974428068672/python_multipart-0.0.6.tar.gz", hash = "sha256:e9925a80bb668529f1b67c7fdb0a5dacdd7cbfc6fb0bff3ea443fe22bdd62132", size = 31024, upload-time = "2023-02-27T16:40:10.091Z" }
wheels = [
    { url = "https://files.pythonhosted.org/packages/b4/ff/b1e11d8bffb5e0e1b6d27f402eeedbeb9be6df2cdbc09356a1ae49806dbf/python_multipart-0.0.6-py3-none-any.whl", hash = "sha256:ee698bab5ef148b0a760751c261902cd096e57e10558e11aca17646b74ee1c18", size = 45711, upload-time = "2023-02-27T16:40:14.113Z" },
]

[[package]]
name = "pytz"
version = "2025.2"
source = { registry = "https://pypi.org/simple" }
sdist = { url = "https://files.pythonhosted.org/packages/f8/bf/abbd3cdfb8fbc7fb3d4d38d320f2441b1e7cbe29be4f23797b4a2b5d8aac/pytz-2025.2.tar.gz", hash = "sha256:360b9e3dbb49a209c21ad61809c7fb453643e048b38924c765813546746e81c3", size = 320884, upload-time = "2025-03-25T02:25:00.538Z" }
wheels = [
    { url = "https://files.pythonhosted.org/packages/81/c4/34e93fe5f5429d7570ec1fa436f1986fb1f00c3e0f43a589fe2bbcd22c3f/pytz-2025.2-py2.py3-none-any.whl", hash = "sha256:5ddf76296dd8c44c26eb8f4b6f35488f3ccbf6fbbd7adee0b7262d43f0ec2f00", size = 509225, upload-time = "2025-03-25T02:24:58.468Z" },
]

[[package]]
name = "six"
version = "1.17.0"
source = { registry = "https://pypi.org/simple" }
sdist = { url = "https://files.pythonhosted.org/packages/94/e7/b2c673351809dca68a0e064b6af791aa332cf192da575fd474ed7d6f16a2/six-1.17.0.tar.gz", hash = "sha256:ff70335d468e7eb6ec65b95b99d3a2836546063f63acc5171de367e834932a81", size = 34031, upload-time = "2024-12-04T17:35:28.174Z" }
wheels = [
    { url = "https://files.pythonhosted.org/packages/b7/ce/149a00dd41f10bc29e5921b496af8b574d8413afcd5e30dfa0ed46c2cc5e/six-1.17.0-py2.py3-none-any.whl", hash = "sha256:4721f391ed90541fddacab5acf947aa0d3dc7d27b2e1e8eda2be8970586c3274", size = 11050, upload-time = "2024-12-04T17:35:26.475Z" },
]

[[package]]
name = "sqlalchemy"
version = "2.0.45"
source = { registry = "https://pypi.org/simple" }
dependencies = [
    { name = "greenlet", marker = "platform_machine == 'AMD64' or platform_machine == 'WIN32' or platform_machine == 'aarch64' or platform_machine == 'amd64' or platform_machine == 'ppc64le' or platform_machine == 'win32' or platform_machine == 'x86_64'" },
    { name = "typing-extensions" },
]
sdist = { url = "https://files.pythonhosted.org/packages/be/f9/5e4491e5ccf42f5d9cfc663741d261b3e6e1683ae7812114e7636409fcc6/sqlalchemy-2.0.45.tar.gz", hash = "sha256:1632a4bda8d2d25703fdad6363058d882541bdaaee0e5e3ddfa0cd3229efce88", size = 9869912, upload-time = "2025-12-09T21:05:16.737Z" }
wheels = [
    { url = "https://files.pythonhosted.org/packages/2d/c7/1900b56ce19bff1c26f39a4ce427faec7716c81ac792bfac8b6a9f3dca93/sqlalchemy-2.0.45-cp312-cp312-manylinux2014_aarch64.manylinux_2_17_aarch64.manylinux_2_28_aarch64.whl", hash = "sha256:b3ee2aac15169fb0d45822983631466d60b762085bc4535cd39e66bea362df5f", size = 3333760, upload-time = "2025-12-09T22:11:02.66Z" },
    { url = "https://files.pythonhosted.org/packages/0a/93/3be94d96bb442d0d9a60e55a6bb6e0958dd3457751c6f8502e56ef95fed0/sqlalchemy-2.0.45-cp312-cp312-manylinux2014_x86_64.manylinux_2_17_x86_64.manylinux_2_28_x86_64.whl", hash = "sha256:ba547ac0b361ab4f1608afbc8432db669bd0819b3e12e29fb5fa9529a8bba81d", size = 3348268, upload-time = "2025-12-09T22:13:49.054Z" },
    { url = "https://files.pythonhosted.org/packages/48/4b/f88ded696e61513595e4a9778f9d3f2bf7332cce4eb0c7cedaabddd6687b/sqlalchemy-2.0.45-cp312-cp312-musllinux_1_2_aarch64.whl", hash = "sha256:215f0528b914e5c75ef2559f69dca86878a3beeb0c1be7279d77f18e8d180ed4", size = 3278144, upload-time = "2025-12-09T22:11:04.14Z" },
    { url = "https://files.pythonhosted.org/packages/ed/6a/310ecb5657221f3e1bd5288ed83aa554923fb5da48d760a9f7622afeb065/sqlalchemy-2.0.45-cp312-cp312-musllinux_1_2_x86_64.whl", hash = "sha256:107029bf4f43d076d4011f1afb74f7c3e2ea029ec82eb23d8527d5e909e97aa6", size = 3313907, upload-time = "2025-12-09T22:13:50.598Z" },
    { url = "https://files.pythonhosted.org/packages/5c/39/69c0b4051079addd57c84a5bfb34920d87456dd4c90cf7ee0df6efafc8ff/sqlalchemy-2.0.45-cp312-cp312-win32.whl", hash = "sha256:0c9f6ada57b58420a2c0277ff853abe40b9e9449f8d7d231763c6bc30f5c4953", size = 2112182, upload-time = "2025-12-09T21:39:30.824Z" },
    { url = "https://files.pythonhosted.org/packages/f7/4e/510db49dd89fc3a6e994bee51848c94c48c4a00dc905e8d0133c251f41a7/sqlalchemy-2.0.45-cp312-cp312-win_amd64.whl", hash = "sha256:8defe5737c6d2179c7997242d6473587c3beb52e557f5ef0187277009f73e5e1", size = 2139200, upload-time = "2025-12-09T21:39:32.321Z" },
    { url = "https://files.pythonhosted.org/packages/6a/c8/7cc5221b47a54edc72a0140a1efa56e0a2730eefa4058d7ed0b4c4357ff8/sqlalchemy-2.0.45-cp313-cp313-manylinux2014_aarch64.manylinux_2_17_aarch64.manylinux_2_28_aarch64.whl", hash = "sha256:fe187fc31a54d7fd90352f34e8c008cf3ad5d064d08fedd3de2e8df83eb4a1cf", size = 3277082, upload-time = "2025-12-09T22:11:06.167Z" },
    { url = "https://files.pythonhosted.org/packages/0e/50/80a8d080ac7d3d321e5e5d420c9a522b0aa770ec7013ea91f9a8b7d36e4a/sqlalchemy-2.0.45-cp313-cp313-manylinux2014_x86_64.manylinux_2_17_x86_64.manylinux_2_28_x86_64.whl", hash = "sha256:672c45cae53ba88e0dad74b9027dddd09ef6f441e927786b05bec75d949fbb2e", size = 3293131, upload-time = "2025-12-09T22:13:52.626Z" },
    { url = "https://files.pythonhosted.org/packages/da/4c/13dab31266fc9904f7609a5dc308a2432a066141d65b857760c3bef97e69/sqlalchemy-2.0.45-cp313-cp313-musllinux_1_2_aarch64.whl", hash = "sha256:470daea2c1ce73910f08caf10575676a37159a6d16c4da33d0033546bddebc9b", size = 3225389, upload-time = "2025-12-09T22:11:08.093Z" },
    { url = "https://files.pythonhosted.org/packages/74/04/891b5c2e9f83589de202e7abaf24cd4e4fa59e1837d64d528829ad6cc107/sqlalchemy-2.0.45-cp313-cp313-musllinux_1_2_x86_64.whl", hash = "sha256:9c6378449e0940476577047150fd09e242529b761dc887c9808a9a937fe990c8", size = 3266054, upload-time = "2025-12-09T22:13:54.262Z" },
    { url = "https://files.pythonhosted.org/packages/f1/24/fc59e7f71b0948cdd4cff7a286210e86b0443ef1d18a23b0d83b87e4b1f7/sqlalchemy-2.0.45-cp313-cp313-win32.whl", hash = "sha256:4b6bec67ca45bc166c8729910bd2a87f1c0407ee955df110d78948f5b5827e8a", size = 2110299, upload-time = "2025-12-09T21:39:33.486Z" },
    { url = "https://files.pythonhosted.org/packages/c0/c5/d17113020b2d43073412aeca09b60d2009442420372123b8d49cc253f8b8/sqlalchemy-2.0.45-cp313-cp313-win_amd64.whl", hash = "sha256:afbf47dc4de31fa38fd491f3705cac5307d21d4bb828a4f020ee59af412744ee", size = 2136264, upload-time = "2025-12-09T21:39:36.801Z" },
    { url = "https://files.pythonhosted.org/packages/3d/8d/bb40a5d10e7a5f2195f235c0b2f2c79b0bf6e8f00c0c223130a4fbd2db09/sqlalchemy-2.0.45-cp313-cp313t-manylinux2014_x86_64.manylinux_2_17_x86_64.manylinux_2_28_x86_64.whl", hash = "sha256:83d7009f40ce619d483d26ac1b757dfe3167b39921379a8bd1b596cf02dab4a6", size = 3521998, upload-time = "2025-12-09T22:13:28.622Z" },
    { url = "https://files.pythonhosted.org/packages/75/a5/346128b0464886f036c039ea287b7332a410aa2d3fb0bb5d404cb8861635/sqlalchemy-2.0.45-cp313-cp313t-musllinux_1_2_x86_64.whl", hash = "sha256:d8a2ca754e5415cde2b656c27900b19d50ba076aa05ce66e2207623d3fe41f5a", size = 3473434, upload-time = "2025-12-09T22:13:30.188Z" },
    { url = "https://files.pythonhosted.org/packages/cc/64/4e1913772646b060b025d3fc52ce91a58967fe58957df32b455de5a12b4f/sqlalchemy-2.0.45-cp314-cp314-manylinux2014_aarch64.manylinux_2_17_aarch64.manylinux_2_28_aarch64.whl", hash = "sha256:7f46ec744e7f51275582e6a24326e10c49fbdd3fc99103e01376841213028774", size = 3272404, upload-time = "2025-12-09T22:11:09.662Z" },
    { url = "https://files.pythonhosted.org/packages/b3/27/caf606ee924282fe4747ee4fd454b335a72a6e018f97eab5ff7f28199e16/sqlalchemy-2.0.45-cp314-cp314-manylinux2014_x86_64.manylinux_2_17_x86_64.manylinux_2_28_x86_64.whl", hash = "sha256:883c600c345123c033c2f6caca18def08f1f7f4c3ebeb591a63b6fceffc95cce", size = 3277057, upload-time = "2025-12-09T22:13:56.213Z" },
    { url = "https://files.pythonhosted.org/packages/85/d0/3d64218c9724e91f3d1574d12eb7ff8f19f937643815d8daf792046d88ab/sqlalchemy-2.0.45-cp314-cp314-musllinux_1_2_aarch64.whl", hash = "sha256:2c0b74aa79e2deade948fe8593654c8ef4228c44ba862bb7c9585c8e0db90f33", size = 3222279, upload-time = "2025-12-09T22:11:11.1Z" },
    { url = "https://files.pythonhosted.org/packages/24/10/dd7688a81c5bc7690c2a3764d55a238c524cd1a5a19487928844cb247695/sqlalchemy-2.0.45-cp314-cp314-musllinux_1_2_x86_64.whl", hash = "sha256:8a420169cef179d4c9064365f42d779f1e5895ad26ca0c8b4c0233920973db74", size = 3244508, upload-time = "2025-12-09T22:13:57.932Z" },
    { url = "https://files.pythonhosted.org/packages/aa/41/db75756ca49f777e029968d9c9fee338c7907c563267740c6d310a8e3f60/sqlalchemy-2.0.45-cp314-cp314-win32.whl", hash = "sha256:e50dcb81a5dfe4b7b4a4aa8f338116d127cb209559124f3694c70d6cd072b68f", size = 2113204, upload-time = "2025-12-09T21:39:38.365Z" },
    { url = "https://files.pythonhosted.org/packages/89/a2/0e1590e9adb292b1d576dbcf67ff7df8cf55e56e78d2c927686d01080f4b/sqlalchemy-2.0.45-cp314-cp314-win_amd64.whl", hash = "sha256:4748601c8ea959e37e03d13dcda4a44837afcd1b21338e637f7c935b8da06177", size = 2138785, upload-time = "2025-12-09T21:39:39.503Z" },
    { url = "https://files.pythonhosted.org/packages/42/39/f05f0ed54d451156bbed0e23eb0516bcad7cbb9f18b3bf219c786371b3f0/sqlalchemy-2.0.45-cp314-cp314t-manylinux2014_x86_64.manylinux_2_17_x86_64.manylinux_2_28_x86_64.whl", hash = "sha256:cd337d3526ec5298f67d6a30bbbe4ed7e5e68862f0bf6dd21d289f8d37b7d60b", size = 3522029, upload-time = "2025-12-09T22:13:32.09Z" },
    { url = "https://files.pythonhosted.org/packages/54/0f/d15398b98b65c2bce288d5ee3f7d0a81f77ab89d9456994d5c7cc8b2a9db/sqlalchemy-2.0.45-cp314-cp314t-musllinux_1_2_x86_64.whl", hash = "sha256:9a62b446b7d86a3909abbcd1cd3cc550a832f99c2bc37c5b22e1925438b9367b", size = 3475142, upload-time = "2025-12-09T22:13:33.739Z" },
    { url = "https://files.pythonhosted.org/packages/bf/e1/3ccb13c643399d22289c6a9786c1a91e3dcbb68bce4beb44926ac2c557bf/sqlalchemy-2.0.45-py3-none-any.whl", hash = "sha256:5225a288e4c8cc2308dbdd874edad6e7d0fd38eac1e9e5f23503425c8eee20d0", size = 1936672, upload-time = "2025-12-09T21:54:52.608Z" },
]

[[package]]
name = "sqlmodel"
version = "0.0.14"
source = { registry = "https://pypi.org/simple" }
dependencies = [
    { name = "pydantic" },
    { name = "sqlalchemy" },
]
sdist = { url = "https://files.pythonhosted.org/packages/0d/a8/afa989b8dc9f87b47f75bd11ecde0627b236b698900cee59ac304eb92403/sqlmodel-0.0.14.tar.gz", hash = "sha256:0bff8fc94af86b44925aa813f56cf6aabdd7f156b73259f2f60692c6a64ac90e", size = 25842, upload-time = "2023-12-04T14:53:51.879Z" }
wheels = [
    { url = "https://files.pythonhosted.org/packages/55/b2/ea0c31d2bb8d22dffd83f43028d8d1b18301702725d6b918ac15f99b6de7/sqlmodel-0.0.14-py3-none-any.whl", hash = "sha256:accea3ff5d878e41ac439b11e78613ed61ce300cfcb860e87a2d73d4884cbee4", size = 25947, upload-time = "2023-12-04T14:53:50.402Z" },
]

[[package]]
name = "starlette"
version = "0.35.1"
source = { registry = "https://pypi.org/simple" }
dependencies = [
    { name = "anyio" },
]
sdist = { url = "https://files.pythonhosted.org/packages/5e/8a/80e0343c8051e522752eaae54e96c814946ac97ae0c08b441620e3a22755/starlette-0.35.1.tar.gz", hash = "sha256:3e2639dac3520e4f58734ed22553f950d3f3cb1001cd2eaac4d57e8cdc5f66bc", size = 2840584, upload-time = "2024-01-11T19:59:00.652Z" }
wheels = [
    { url = "https://files.pythonhosted.org/packages/03/13/c60c738da2fb69d60ee1dc5631e8d152352003cc0bc4ce39582bdd90e293/starlette-0.35.1-py3-none-any.whl", hash = "sha256:50bbbda9baa098e361f398fda0928062abbaf1f54f4fadcbe17c092a01eb9a25", size = 71076, upload-time = "2024-01-11T19:58:58.451Z" },
]

[[package]]
name = "typing-extensions"
version = "4.15.0"
source = { registry = "https://pypi.org/simple" }
sdist = { url = "https://files.pythonhosted.org/packages/72/94/1a15dd82efb362ac84269196e94cf00f187f7ed21c242792a923cdb1c61f/typing_extensions-4.15.0.tar.gz", hash = "sha256:0cea48d173cc12fa28ecabc3b837ea3cf6f38c6d1136f85cbaaf598984861466", size = 109391, upload-time = "2025-08-25T13:49:26.313Z" }
wheels = [
    { url = "https://files.pythonhosted.org/packages/18/67/36e9267722cc04a6b9f15c7f3441c2363321a3ea07da7ae0c0707beb2a9c/typing_extensions-4.15.0-py3-none-any.whl", hash = "sha256:f0fa19c6845758ab08074a0cfa8b7aecb71c999ca73d62883bc25cc018c4e548", size = 44614, upload-time = "2025-08-25T13:49:24.86Z" },
]

[[package]]
name = "tzdata"
version = "2025.3"
source = { registry = "https://pypi.org/simple" }
sdist = { url = "https://files.pythonhosted.org/packages/5e/a7/c202b344c5ca7daf398f3b8a477eeb205cf3b6f32e7ec3a6bac0629ca975/tzdata-2025.3.tar.gz", hash = "sha256:de39c2ca5dc7b0344f2eba86f49d614019d29f060fc4ebc8a417896a620b56a7", size = 196772, upload-time = "2025-12-13T17:45:35.667Z" }
wheels = [
    { url = "https://files.pythonhosted.org/packages/c7/b0/003792df09decd6849a5e39c28b513c06e84436a54440380862b5aeff25d/tzdata-2025.3-py2.py3-none-any.whl", hash = "sha256:06a47e5700f3081aab02b2e513160914ff0694bce9947d6b76ebd6bf57cfc5d1", size = 348521, upload-time = "2025-12-13T17:45:33.889Z" },
]

[[package]]
name = "uvicorn"
version = "0.27.0"
source = { registry = "https://pypi.org/simple" }
dependencies = [
    { name = "click" },
    { name = "h11" },
]
sdist = { url = "https://files.pythonhosted.org/packages/52/75/9cf554ed256d8bcdf3a9bb831b599c4e48e4e5993931fb512f75e529ece4/uvicorn-0.27.0.tar.gz", hash = "sha256:c855578045d45625fd027367f7653d249f7c49f9361ba15cf9624186b26b8eb6", size = 40963, upload-time = "2024-01-22T20:32:35.679Z" }
wheels = [
    { url = "https://files.pythonhosted.org/packages/ec/00/2555ae5c4c8550ffccf8eea97476750bd1cfc0880b4b3ab7237dff4b01d7/uvicorn-0.27.0-py3-none-any.whl", hash = "sha256:890b00f6c537d58695d3bb1f28e23db9d9e7a17cbcc76d7457c499935f933e24", size = 60648, upload-time = "2024-01-22T20:32:31.148Z" },
]
